// !$*UTF8*$!
{
	archiveVersion = 1;
	classes = {
	};
	objectVersion = 46;
	objects = {

/* Begin PBXBuildFile section */
		AAFD5E621CE8913800C62589 /* main.m in Sources */ = {isa = PBXBuildFile; fileRef = AAFD5E611CE8913800C62589 /* main.m */; };
		AAFD5E651CE8913800C62589 /* AppDelegate.m in Sources */ = {isa = PBXBuildFile; fileRef = AAFD5E641CE8913800C62589 /* AppDelegate.m */; };
		AAFD5E6B1CE8913800C62589 /* Main.storyboard in Resources */ = {isa = PBXBuildFile; fileRef = AAFD5E691CE8913800C62589 /* Main.storyboard */; };
		AAFD5E6D1CE8913800C62589 /* Assets.xcassets in Resources */ = {isa = PBXBuildFile; fileRef = AAFD5E6C1CE8913800C62589 /* Assets.xcassets */; };
		AAFD5E701CE8913800C62589 /* LaunchScreen.storyboard in Resources */ = {isa = PBXBuildFile; fileRef = AAFD5E6E1CE8913800C62589 /* LaunchScreen.storyboard */; };
		AAFD5E7A1CE8A2D600C62589 /* SearchViewController.m in Sources */ = {isa = PBXBuildFile; fileRef = AAFD5E791CE8A2D600C62589 /* SearchViewController.m */; };
		AAFD5E7D1CE8A8EF00C62589 /* MovieViewController.m in Sources */ = {isa = PBXBuildFile; fileRef = AAFD5E7C1CE8A8EF00C62589 /* MovieViewController.m */; };
		AAFD5E811CE8C60000C62589 /* Movie.m in Sources */ = {isa = PBXBuildFile; fileRef = AAFD5E801CE8C60000C62589 /* Movie.m */; };
		AAFD5E841CE8E62F00C62589 /* Favorite.m in Sources */ = {isa = PBXBuildFile; fileRef = AAFD5E831CE8E62F00C62589 /* Favorite.m */; };
/* End PBXBuildFile section */

/* Begin PBXFileReference section */
		AAFD5E5D1CE8913800C62589 /* MovieMania.app */ = {isa = PBXFileReference; explicitFileType = wrapper.application; includeInIndex = 0; path = MovieMania.app; sourceTree = BUILT_PRODUCTS_DIR; };
		AAFD5E611CE8913800C62589 /* main.m */ = {isa = PBXFileReference; lastKnownFileType = sourcecode.c.objc; path = main.m; sourceTree = "<group>"; };
		AAFD5E631CE8913800C62589 /* AppDelegate.h */ = {isa = PBXFileReference; lastKnownFileType = sourcecode.c.h; path = AppDelegate.h; sourceTree = "<group>"; };
		AAFD5E641CE8913800C62589 /* AppDelegate.m */ = {isa = PBXFileReference; lastKnownFileType = sourcecode.c.objc; path = AppDelegate.m; sourceTree = "<group>"; };
		AAFD5E6A1CE8913800C62589 /* Base */ = {isa = PBXFileReference; lastKnownFileType = file.storyboard; name = Base; path = Base.lproj/Main.storyboard; sourceTree = "<group>"; };
		AAFD5E6C1CE8913800C62589 /* Assets.xcassets */ = {isa = PBXFileReference; lastKnownFileType = folder.assetcatalog; path = Assets.xcassets; sourceTree = "<group>"; };
		AAFD5E6F1CE8913800C62589 /* Base */ = {isa = PBXFileReference; lastKnownFileType = file.storyboard; name = Base; path = Base.lproj/LaunchScreen.storyboard; sourceTree = "<group>"; };
		AAFD5E711CE8913800C62589 /* Info.plist */ = {isa = PBXFileReference; lastKnownFileType = text.plist.xml; path = Info.plist; sourceTree = "<group>"; };
		AAFD5E781CE8A2D600C62589 /* SearchViewController.h */ = {isa = PBXFileReference; fileEncoding = 4; lastKnownFileType = sourcecode.c.h; path = SearchViewController.h; sourceTree = "<group>"; };
		AAFD5E791CE8A2D600C62589 /* SearchViewController.m */ = {isa = PBXFileReference; fileEncoding = 4; lastKnownFileType = sourcecode.c.objc; path = SearchViewController.m; sourceTree = "<group>"; };
		AAFD5E7B1CE8A8EF00C62589 /* MovieViewController.h */ = {isa = PBXFileReference; fileEncoding = 4; lastKnownFileType = sourcecode.c.h; path = MovieViewController.h; sourceTree = "<group>"; };
		AAFD5E7C1CE8A8EF00C62589 /* MovieViewController.m */ = {isa = PBXFileReference; fileEncoding = 4; lastKnownFileType = sourcecode.c.objc; path = MovieViewController.m; sourceTree = "<group>"; };
		AAFD5E7F1CE8C60000C62589 /* Movie.h */ = {isa = PBXFileReference; fileEncoding = 4; lastKnownFileType = sourcecode.c.h; path = Movie.h; sourceTree = "<group>"; };
		AAFD5E801CE8C60000C62589 /* Movie.m */ = {isa = PBXFileReference; fileEncoding = 4; lastKnownFileType = sourcecode.c.objc; path = Movie.m; sourceTree = "<group>"; };
		AAFD5E821CE8E62F00C62589 /* Favorite.h */ = {isa = PBXFileReference; fileEncoding = 4; lastKnownFileType = sourcecode.c.h; path = Favorite.h; sourceTree = "<group>"; };
		AAFD5E831CE8E62F00C62589 /* Favorite.m */ = {isa = PBXFileReference; fileEncoding = 4; lastKnownFileType = sourcecode.c.objc; path = Favorite.m; sourceTree = "<group>"; };
/* End PBXFileReference section */

/* Begin PBXFrameworksBuildPhase section */
		AAFD5E5A1CE8913800C62589 /* Frameworks */ = {
			isa = PBXFrameworksBuildPhase;
			buildActionMask = 2147483647;
			files = (
			);
			runOnlyForDeploymentPostprocessing = 0;
		};
/* End PBXFrameworksBuildPhase section */

/* Begin PBXGroup section */
		AAFD5E541CE8913800C62589 = {
			isa = PBXGroup;
			children = (
				AAFD5E5F1CE8913800C62589 /* MovieMania */,
				AAFD5E5E1CE8913800C62589 /* Products */,
			);
			sourceTree = "<group>";
		};
		AAFD5E5E1CE8913800C62589 /* Products */ = {
			isa = PBXGroup;
			children = (
				AAFD5E5D1CE8913800C62589 /* MovieMania.app */,
			);
			name = Products;
			sourceTree = "<group>";
		};
		AAFD5E5F1CE8913800C62589 /* MovieMania */ = {
			isa = PBXGroup;
			children = (
				AAFD5E7E1CE8C5EA00C62589 /* Model */,
				AAFD5E771CE8A2BA00C62589 /* View Controllers */,
				AAFD5E631CE8913800C62589 /* AppDelegate.h */,
				AAFD5E641CE8913800C62589 /* AppDelegate.m */,
				AAFD5E691CE8913800C62589 /* Main.storyboard */,
				AAFD5E6C1CE8913800C62589 /* Assets.xcassets */,
				AAFD5E6E1CE8913800C62589 /* LaunchScreen.storyboard */,
				AAFD5E711CE8913800C62589 /* Info.plist */,
				AAFD5E601CE8913800C62589 /* Supporting Files */,
			);
			path = MovieMania;
			sourceTree = "<group>";
		};
		AAFD5E601CE8913800C62589 /* Supporting Files */ = {
			isa = PBXGroup;
			children = (
				AAFD5E611CE8913800C62589 /* main.m */,
			);
			name = "Supporting Files";
			sourceTree = "<group>";
		};
		AAFD5E771CE8A2BA00C62589 /* View Controllers */ = {
			isa = PBXGroup;
			children = (
				AAFD5E781CE8A2D600C62589 /* SearchViewController.h */,
				AAFD5E791CE8A2D600C62589 /* SearchViewController.m */,
				AAFD5E7B1CE8A8EF00C62589 /* MovieViewController.h */,
				AAFD5E7C1CE8A8EF00C62589 /* MovieViewController.m */,
			);
			name = "View Controllers";
			sourceTree = "<group>";
		};
		AAFD5E7E1CE8C5EA00C62589 /* Model */ = {
			isa = PBXGroup;
			children = (
				AAFD5E7F1CE8C60000C62589 /* Movie.h */,
				AAFD5E801CE8C60000C62589 /* Movie.m */,
				AAFD5E821CE8E62F00C62589 /* Favorite.h */,
				AAFD5E831CE8E62F00C62589 /* Favorite.m */,
			);
			name = Model;
			sourceTree = "<group>";
		};
/* End PBXGroup section */

/* Begin PBXNativeTarget section */
		AAFD5E5C1CE8913800C62589 /* MovieMania */ = {
			isa = PBXNativeTarget;
			buildConfigurationList = AAFD5E741CE8913800C62589 /* Build configuration list for PBXNativeTarget "MovieMania" */;
			buildPhases = (
				AAFD5E591CE8913800C62589 /* Sources */,
				AAFD5E5A1CE8913800C62589 /* Frameworks */,
				AAFD5E5B1CE8913800C62589 /* Resources */,
			);
			buildRules = (
			);
			dependencies = (
			);
			name = MovieMania;
			productName = MovieMania;
			productReference = AAFD5E5D1CE8913800C62589 /* MovieMania.app */;
			productType = "com.apple.product-type.application";
		};
/* End PBXNativeTarget section */

/* Begin PBXProject section */
		AAFD5E551CE8913800C62589 /* Project object */ = {
			isa = PBXProject;
			attributes = {
				LastUpgradeCheck = 0720;
				ORGANIZATIONNAME = Training;
				TargetAttributes = {
					AAFD5E5C1CE8913800C62589 = {
						CreatedOnToolsVersion = 7.2;
					};
				};
			};
			buildConfigurationList = AAFD5E581CE8913800C62589 /* Build configuration list for PBXProject "MovieMania" */;
			compatibilityVersion = "Xcode 3.2";
			developmentRegion = English;
			hasScannedForEncodings = 0;
			knownRegions = (
				en,
				Base,
			);
			mainGroup = AAFD5E541CE8913800C62589;
			productRefGroup = AAFD5E5E1CE8913800C62589 /* Products */;
			projectDirPath = "";
			projectRoot = "";
			targets = (
				AAFD5E5C1CE8913800C62589 /* MovieMania */,
			);
		};
/* End PBXProject section */

/* Begin PBXResourcesBuildPhase section */
		AAFD5E5B1CE8913800C62589 /* Resources */ = {
			isa = PBXResourcesBuildPhase;
			buildActionMask = 2147483647;
			files = (
				AAFD5E701CE8913800C62589 /* LaunchScreen.storyboard in Resources */,
				AAFD5E6D1CE8913800C62589 /* Assets.xcassets in Resources */,
				AAFD5E6B1CE8913800C62589 /* Main.storyboard in Resources */,
			);
			runOnlyForDeploymentPostprocessing = 0;
		};
/* End PBXResourcesBuildPhase section */

/* Begin PBXSourcesBuildPhase section */
		AAFD5E591CE8913800C62589 /* Sources */ = {
			isa = PBXSourcesBuildPhase;
			buildActionMask = 2147483647;
			files = (
				AAFD5E651CE8913800C62589 /* AppDelegate.m in Sources */,
				AAFD5E7A1CE8A2D600C62589 /* SearchViewController.m in Sources */,
				AAFD5E811CE8C60000C62589 /* Movie.m in Sources */,
				AAFD5E841CE8E62F00C62589 /* Favorite.m in Sources */,
				AAFD5E621CE8913800C62589 /* main.m in Sources */,
				AAFD5E7D1CE8A8EF00C62589 /* MovieViewController.m in Sources */,
			);
			runOnlyForDeploymentPostprocessing = 0;
		};
/* End PBXSourcesBuildPhase section */

/* Begin PBXVariantGroup section */
		AAFD5E691CE8913800C62589 /* Main.storyboard */ = {
			isa = PBXVariantGroup;
			children = (
				AAFD5E6A1CE8913800C62589 /* Base */,
			);
			name = Main.storyboard;
			sourceTree = "<group>";
		};
		AAFD5E6E1CE8913800C62589 /* LaunchScreen.storyboard */ = {
			isa = PBXVariantGroup;
			children = (
				AAFD5E6F1CE8913800C62589 /* Base */,
			);
			name = LaunchScreen.storyboard;
			sourceTree = "<group>";
		};
/* End PBXVariantGroup section */

/* Begin XCBuildConfiguration section */
		AAFD5E721CE8913800C62589 /* Debug */ = {
			isa = XCBuildConfiguration;
			buildSettings = {
				ALWAYS_SEARCH_USER_PATHS = NO;
				CLANG_CXX_LANGUAGE_STANDARD = "gnu++0x";
				CLANG_CXX_LIBRARY = "libc++";
				CLANG_ENABLE_MODULES = YES;
				CLANG_ENABLE_OBJC_ARC = YES;
				CLANG_WARN_BOOL_CONVERSION = YES;
				CLANG_WARN_CONSTANT_CONVERSION = YES;
				CLANG_WARN_DIRECT_OBJC_ISA_USAGE = YES_ERROR;
				CLANG_WARN_EMPTY_BODY = YES;
				CLANG_WARN_ENUM_CONVERSION = YES;
				CLANG_WARN_INT_CONVERSION = YES;
				CLANG_WARN_OBJC_ROOT_CLASS = YES_ERROR;
				CLANG_WARN_UNREACHABLE_CODE = YES;
				CLANG_WARN__DUPLICATE_METHOD_MATCH = YES;
				"CODE_SIGN_IDENTITY[sdk=iphoneos*]" = "iPhone Developer";
				COPY_PHASE_STRIP = NO;
				DEBUG_INFORMATION_FORMAT = dwarf;
				ENABLE_STRICT_OBJC_MSGSEND = YES;
				ENABLE_TESTABILITY = YES;
				GCC_C_LANGUAGE_STANDARD = gnu99;
				GCC_DYNAMIC_NO_PIC = NO;
				GCC_NO_COMMON_BLOCKS = YES;
				GCC_OPTIMIZATION_LEVEL = 0;
				GCC_PREPROCESSOR_DEFINITIONS = (
					"DEBUG=1",
					"$(inherited)",
				);
				GCC_WARN_64_TO_32_BIT_CONVERSION = YES;
				GCC_WARN_ABOUT_RETURN_TYPE = YES_ERROR;
				GCC_WARN_UNDECLARED_SELECTOR = YES;
				GCC_WARN_UNINITIALIZED_AUTOS = YES_AGGRESSIVE;
				GCC_WARN_UNUSED_FUNCTION = YES;
				GCC_WARN_UNUSED_VARIABLE = YES;
				IPHONEOS_DEPLOYMENT_TARGET = 9.2;
				MTL_ENABLE_DEBUG_INFO = YES;
				ONLY_ACTIVE_ARCH = YES;
				SDKROOT = iphoneos;
				TARGETED_DEVICE_FAMILY = "1,2";
			};
			name = Debug;
		};
		AAFD5E731CE8913800C62589 /* Release */ = {
			isa = XCBuildConfiguration;
			buildSettings = {
				ALWAYS_SEARCH_USER_PATHS = NO;
				CLANG_CXX_LANGUAGE_STANDARD = "gnu++0x";
				CLANG_CXX_LIBRARY = "libc++";
				CLANG_ENABLE_MODULES = YES;
				CLANG_ENABLE_OBJC_ARC = YES;
				CLANG_WARN_BOOL_CONVERSION = YES;
				CLANG_WARN_CONSTANT_CONVERSION = YES;
				CLANG_WARN_DIRECT_OBJC_ISA_USAGE = YES_ERROR;
				CLANG_WARN_EMPTY_BODY = YES;
				CLANG_WARN_ENUM_CONVERSION = YES;
				CLANG_WARN_INT_CONVERSION = YES;
				CLANG_WARN_OBJC_ROOT_CLASS = YES_ERROR;
				CLANG_WARN_UNREACHABLE_CODE = YES;
				CLANG_WARN__DUPLICATE_METHOD_MATCH = YES;
				"CODE_SIGN_IDENTITY[sdk=iphoneos*]" = "iPhone Developer";
				COPY_PHASE_STRIP = NO;
				DEBUG_INFORMATION_FORMAT = "dwarf-with-dsym";
				ENABLE_NS_ASSERTIONS = NO;
				ENABLE_STRICT_OBJC_MSGSEND = YES;
				GCC_C_LANGUAGE_STANDARD = gnu99;
				GCC_NO_COMMON_BLOCKS = YES;
				GCC_WARN_64_TO_32_BIT_CONVERSION = YES;
				GCC_WARN_ABOUT_RETURN_TYPE = YES_ERROR;
				GCC_WARN_UNDECLARED_SELECTOR = YES;
				GCC_WARN_UNINITIALIZED_AUTOS = YES_AGGRESSIVE;
				GCC_WARN_UNUSED_FUNCTION = YES;
				GCC_WARN_UNUSED_VARIABLE = YES;
				IPHONEOS_DEPLOYMENT_TARGET = 9.2;
				MTL_ENABLE_DEBUG_INFO = NO;
				SDKROOT = iphoneos;
				TARGETED_DEVICE_FAMILY = "1,2";
				VALIDATE_PRODUCT = YES;
			};
			name = Release;
		};
		AAFD5E751CE8913800C62589 /* Debug */ = {
			isa = XCBuildConfiguration;
			buildSettings = {
				ASSETCATALOG_COMPILER_APPICON_NAME = AppIcon;
				INFOPLIST_FILE = MovieMania/Info.plist;
				LD_RUNPATH_SEARCH_PATHS = "$(inherited) @executable_path/Frameworks";
				PRODUCT_BUNDLE_IDENTIFIER = com.training.MovieMania;
				PRODUCT_NAME = "$(TARGET_NAME)";
			};
			name = Debug;
		};
		AAFD5E761CE8913800C62589 /* Release */ = {
			isa = XCBuildConfiguration;
			buildSettings = {
				ASSETCATALOG_COMPILER_APPICON_NAME = AppIcon;
				INFOPLIST_FILE = MovieMania/Info.plist;
				LD_RUNPATH_SEARCH_PATHS = "$(inherited) @executable_path/Frameworks";
				PRODUCT_BUNDLE_IDENTIFIER = com.training.MovieMania;
				PRODUCT_NAME = "$(TARGET_NAME)";
			};
			name = Release;
		};
/* End XCBuildConfiguration section */

/* Begin XCConfigurationList section */
		AAFD5E581CE8913800C62589 /* Build configuration list for PBXProject "MovieMania" */ = {
			isa = XCConfigurationList;
			buildConfigurations = (
				AAFD5E721CE8913800C62589 /* Debug */,
				AAFD5E731CE8913800C62589 /* Release */,
			);
			defaultConfigurationIsVisible = 0;
			defaultConfigurationName = Release;
		};
		AAFD5E741CE8913800C62589 /* Build configuration list for PBXNativeTarget "MovieMania" */ = {
			isa = XCConfigurationList;
			buildConfigurations = (
				AAFD5E751CE8913800C62589 /* Debug */,
				AAFD5E761CE8913800C62589 /* Release */,
			);
			defaultConfigurationIsVisible = 0;
		};
/* End XCConfigurationList section */
	};
	rootObject = AAFD5E551CE8913800C62589 /* Project object */;
}
